
Microsoft Visual Studio Solution File, Format Version 12.00
# Visual Studio Version 16
VisualStudioVersion = 16.0.30503.244
MinimumVisualStudioVersion = 10.0.40219.1
Project("{9A19103F-16F7-4668-BE54-9A1E7A4F7556}") = "Refactoring.Conway", "Refactoring.Conway\Refactoring.Conway.csproj", "{F835D655-4136-4FB0-B4E4-B3C394CC26EA}"
EndProject
Project("{FAE04EC0-301F-11D3-BF4B-00C04F79EFBC}") = "Refactoring.Conway.Domain", "Refactoring.Conway.Domain\Refactoring.Conway.Domain.csproj", "{B818D710-C504-416C-B9D4-793D1122231F}"
EndProject
Project("{FAE04EC0-301F-11D3-BF4B-00C04F79EFBC}") = "Refactoring.Conway.Services", "Refactoring.Conway.Services\Refactoring.Conway.Services.csproj", "{897BB628-B0AA-41BC-9046-43C9F95819D5}"
EndProject
Global
	GlobalSection(SolutionConfigurationPlatforms) = preSolution
		Debug|Any CPU = Debug|Any CPU
		Release|Any CPU = Release|Any CPU
	EndGlobalSection
	GlobalSection(ProjectConfigurationPlatforms) = postSolution
		{F835D655-4136-4FB0-B4E4-B3C394CC26EA}.Debug|Any CPU.ActiveCfg = Debug|Any CPU
		{F835D655-4136-4FB0-B4E4-B3C394CC26EA}.Debug|Any CPU.Build.0 = Debug|Any CPU
		{F835D655-4136-4FB0-B4E4-B3C394CC26EA}.Release|Any CPU.ActiveCfg = Release|Any CPU
		{F835D655-4136-4FB0-B4E4-B3C394CC26EA}.Release|Any CPU.Build.0 = Release|Any CPU
		{B818D710-C504-416C-B9D4-793D1122231F}.Debug|Any CPU.ActiveCfg = Debug|Any CPU
		{B818D710-C504-416C-B9D4-793D1122231F}.Debug|Any CPU.Build.0 = Debug|Any CPU
		{B818D710-C504-416C-B9D4-793D1122231F}.Release|Any CPU.ActiveCfg = Release|Any CPU
		{B818D710-C504-416C-B9D4-793D1122231F}.Release|Any CPU.Build.0 = Release|Any CPU
		{897BB628-B0AA-41BC-9046-43C9F95819D5}.Debug|Any CPU.ActiveCfg = Debug|Any CPU
		{897BB628-B0AA-41BC-9046-43C9F95819D5}.Debug|Any CPU.Build.0 = Debug|Any CPU
		{897BB628-B0AA-41BC-9046-43C9F95819D5}.Release|Any CPU.ActiveCfg = Release|Any CPU
		{897BB628-B0AA-41BC-9046-43C9F95819D5}.Release|Any CPU.Build.0 = Release|Any CPU
	EndGlobalSection
	GlobalSection(SolutionProperties) = preSolution
		HideSolutionNode = FALSE
	EndGlobalSection
	GlobalSection(ExtensibilityGlobals) = postSolution
		SolutionGuid = {87A55637-E0D8-4B9F-8900-0B68A0BD5AA4}
	EndGlobalSection
EndGlobal
